
Microsoft Visual Studio Solution File, Format Version 12.00
# Visual Studio Version 17
VisualStudioVersion = 17.6.33829.357
MinimumVisualStudioVersion = 10.0.40219.1
Project("{9A19103F-16F7-4668-BE54-9A1E7A4F7556}") = "Acme.DrawLanding.Website", "src\Acme.DrawLanding.Website\Acme.DrawLanding.Website.csproj", "{5709F21F-2D19-4A8F-959F-48675030D83F}"
EndProject
Project("{9A19103F-16F7-4668-BE54-9A1E7A4F7556}") = "Acme.DrawLanding.Library", "src\Acme.DrawLanding.Library\Acme.DrawLanding.Library.csproj", "{FB8A36F5-37B2-4E47-96C7-D6303659D944}"
EndProject
Project("{9A19103F-16F7-4668-BE54-9A1E7A4F7556}") = "Acme.DrawLanding.Tests", "src\Acme.DrawLanding.Tests\Acme.DrawLanding.Tests.csproj", "{2613DA1C-19B1-44A2-A9A7-8E001B9F31F0}"
EndProject
Global
	GlobalSection(SolutionConfigurationPlatforms) = preSolution
		Debug|Any CPU = Debug|Any CPU
		Release|Any CPU = Release|Any CPU
	EndGlobalSection
	GlobalSection(ProjectConfigurationPlatforms) = postSolution
		{5709F21F-2D19-4A8F-959F-48675030D83F}.Debug|Any CPU.ActiveCfg = Debug|Any CPU
		{5709F21F-2D19-4A8F-959F-48675030D83F}.Debug|Any CPU.Build.0 = Debug|Any CPU
		{5709F21F-2D19-4A8F-959F-48675030D83F}.Release|Any CPU.ActiveCfg = Release|Any CPU
		{5709F21F-2D19-4A8F-959F-48675030D83F}.Release|Any CPU.Build.0 = Release|Any CPU
		{FB8A36F5-37B2-4E47-96C7-D6303659D944}.Debug|Any CPU.ActiveCfg = Debug|Any CPU
		{FB8A36F5-37B2-4E47-96C7-D6303659D944}.Debug|Any CPU.Build.0 = Debug|Any CPU
		{FB8A36F5-37B2-4E47-96C7-D6303659D944}.Release|Any CPU.ActiveCfg = Release|Any CPU
		{FB8A36F5-37B2-4E47-96C7-D6303659D944}.Release|Any CPU.Build.0 = Release|Any CPU
		{2613DA1C-19B1-44A2-A9A7-8E001B9F31F0}.Debug|Any CPU.ActiveCfg = Debug|Any CPU
		{2613DA1C-19B1-44A2-A9A7-8E001B9F31F0}.Debug|Any CPU.Build.0 = Debug|Any CPU
		{2613DA1C-19B1-44A2-A9A7-8E001B9F31F0}.Release|Any CPU.ActiveCfg = Release|Any CPU
		{2613DA1C-19B1-44A2-A9A7-8E001B9F31F0}.Release|Any CPU.Build.0 = Release|Any CPU
	EndGlobalSection
	GlobalSection(SolutionProperties) = preSolution
		HideSolutionNode = FALSE
	EndGlobalSection
	GlobalSection(ExtensibilityGlobals) = postSolution
		SolutionGuid = {5CB83D49-55CC-4501-8BDA-727EADF9EEC5}
	EndGlobalSection
EndGlobal
